
Microsoft Visual Studio Solution File, Format Version 12.00
# Visual Studio Version 16
VisualStudioVersion = 16.0.31702.278
MinimumVisualStudioVersion = 10.0.40219.1
Project("{FAE04EC0-301F-11D3-BF4B-00C04F79EFBC}") = "MoonExp2022", "MoonExp2022.csproj", "{F9AEB34C-ED80-4B0A-9F58-DB3B821077FF}"
EndProject
Global
	GlobalSection(SolutionConfigurationPlatforms) = preSolution
		Debug|Any CPU = Debug|Any CPU
		Release|Any CPU = Release|Any CPU
	EndGlobalSection
	GlobalSection(ProjectConfigurationPlatforms) = postSolution
		{F9AEB34C-ED80-4B0A-9F58-DB3B821077FF}.Debug|Any CPU.ActiveCfg = Debug|Any CPU
		{F9AEB34C-ED80-4B0A-9F58-DB3B821077FF}.Debug|Any CPU.Build.0 = Debug|Any CPU
		{F9AEB34C-ED80-4B0A-9F58-DB3B821077FF}.Release|Any CPU.ActiveCfg = Release|Any CPU
		{F9AEB34C-ED80-4B0A-9F58-DB3B821077FF}.Release|Any CPU.Build.0 = Release|Any CPU
	EndGlobalSection
	GlobalSection(SolutionProperties) = preSolution
		HideSolutionNode = FALSE
	EndGlobalSection
	GlobalSection(ExtensibilityGlobals) = postSolution
		SolutionGuid = {9868463E-171C-40B6-B90B-7479D5171343}
	EndGlobalSection
EndGlobal
